
Microsoft Visual Studio Solution File, Format Version 12.00
# Visual Studio Version 16
VisualStudioVersion = 16.0.29318.209
MinimumVisualStudioVersion = 10.0.40219.1
Project("{FAE04EC0-301F-11D3-BF4B-00C04F79EFBC}") = "TestWeb", "TestWeb\TestWeb.csproj", "{FCFF245D-FC62-4234-9EC4-17C210AD9D44}"
EndProject
Global
	GlobalSection(SolutionConfigurationPlatforms) = preSolution
		Debug|Any CPU = Debug|Any CPU
		Release|Any CPU = Release|Any CPU
	EndGlobalSection
	GlobalSection(ProjectConfigurationPlatforms) = postSolution
		{FCFF245D-FC62-4234-9EC4-17C210AD9D44}.Debug|Any CPU.ActiveCfg = Debug|Any CPU
		{FCFF245D-FC62-4234-9EC4-17C210AD9D44}.Debug|Any CPU.Build.0 = Debug|Any CPU
		{FCFF245D-FC62-4234-9EC4-17C210AD9D44}.Release|Any CPU.ActiveCfg = Release|Any CPU
		{FCFF245D-FC62-4234-9EC4-17C210AD9D44}.Release|Any CPU.Build.0 = Release|Any CPU
	EndGlobalSection
	GlobalSection(SolutionProperties) = preSolution
		HideSolutionNode = FALSE
	EndGlobalSection
	GlobalSection(ExtensibilityGlobals) = postSolution
		SolutionGuid = {516CCD96-9B66-445F-ACDF-EEC3BFBE679D}
	EndGlobalSection
EndGlobal
